
Microsoft Visual Studio Solution File, Format Version 12.00
# Visual Studio 14
VisualStudioVersion = 14.0.25420.1
MinimumVisualStudioVersion = 10.0.40219.1
Project("{D954291E-2A0B-460D-934E-DC6B0785DB48}") = "ProjectPanda", "ProjectPanda\ProjectPanda\ProjectPanda.shproj", "{EA902C2D-6CBB-4DAF-83F0-5929C495A593}"
EndProject
Project("{FAE04EC0-301F-11D3-BF4B-00C04F79EFBC}") = "ProjectPanda.Android", "ProjectPanda\ProjectPanda.Android\ProjectPanda.Android.csproj", "{FAB34273-EEE8-415B-BA16-59A8A6C7269C}"
EndProject
Project("{FAE04EC0-301F-11D3-BF4B-00C04F79EFBC}") = "ProjectPanda.iOS", "ProjectPanda\ProjectPanda.iOS\ProjectPanda.iOS.csproj", "{B09F2FF3-4BDA-4144-A8C8-D678464F4914}"
EndProject
Project("{FAE04EC0-301F-11D3-BF4B-00C04F79EFBC}") = "ProjectPanda.UWP", "ProjectPanda\ProjectPanda.UWP\ProjectPanda.UWP.csproj", "{BA24DDD7-CDD1-4AF8-948A-3DA748E0BC1E}"
EndProject
Global
	GlobalSection(SharedMSBuildProjectFiles) = preSolution
		ProjectPanda\ProjectPanda\ProjectPanda.projitems*{b09f2ff3-4bda-4144-a8c8-d678464f4914}*SharedItemsImports = 4
		ProjectPanda\ProjectPanda\ProjectPanda.projitems*{ea902c2d-6cbb-4daf-83f0-5929c495a593}*SharedItemsImports = 13
		ProjectPanda\ProjectPanda\ProjectPanda.projitems*{fab34273-eee8-415b-ba16-59a8a6c7269c}*SharedItemsImports = 4
	EndGlobalSection
	GlobalSection(SolutionConfigurationPlatforms) = preSolution
		Ad-Hoc|Any CPU = Ad-Hoc|Any CPU
		Ad-Hoc|ARM = Ad-Hoc|ARM
		Ad-Hoc|iPhone = Ad-Hoc|iPhone
		Ad-Hoc|iPhoneSimulator = Ad-Hoc|iPhoneSimulator
		Ad-Hoc|x64 = Ad-Hoc|x64
		Ad-Hoc|x86 = Ad-Hoc|x86
		AppStore|Any CPU = AppStore|Any CPU
		AppStore|ARM = AppStore|ARM
		AppStore|iPhone = AppStore|iPhone
		AppStore|iPhoneSimulator = AppStore|iPhoneSimulator
		AppStore|x64 = AppStore|x64
		AppStore|x86 = AppStore|x86
		Debug|Any CPU = Debug|Any CPU
		Debug|ARM = Debug|ARM
		Debug|iPhone = Debug|iPhone
		Debug|iPhoneSimulator = Debug|iPhoneSimulator
		Debug|x64 = Debug|x64
		Debug|x86 = Debug|x86
		Release|Any CPU = Release|Any CPU
		Release|ARM = Release|ARM
		Release|iPhone = Release|iPhone
		Release|iPhoneSimulator = Release|iPhoneSimulator
		Release|x64 = Release|x64
		Release|x86 = Release|x86
	EndGlobalSection
	GlobalSection(ProjectConfigurationPlatforms) = postSolution
		{FAB34273-EEE8-415B-BA16-59A8A6C7269C}.Ad-Hoc|Any CPU.ActiveCfg = Release|Any CPU
		{FAB34273-EEE8-415B-BA16-59A8A6C7269C}.Ad-Hoc|Any CPU.Build.0 = Release|Any CPU
		{FAB34273-EEE8-415B-BA16-59A8A6C7269C}.Ad-Hoc|Any CPU.Deploy.0 = Release|Any CPU
		{FAB34273-EEE8-415B-BA16-59A8A6C7269C}.Ad-Hoc|ARM.ActiveCfg = Release|Any CPU
		{FAB34273-EEE8-415B-BA16-59A8A6C7269C}.Ad-Hoc|ARM.Build.0 = Release|Any CPU
		{FAB34273-EEE8-415B-BA16-59A8A6C7269C}.Ad-Hoc|ARM.Deploy.0 = Release|Any CPU
		{FAB34273-EEE8-415B-BA16-59A8A6C7269C}.Ad-Hoc|iPhone.ActiveCfg = Release|Any CPU
		{FAB34273-EEE8-415B-BA16-59A8A6C7269C}.Ad-Hoc|iPhone.Build.0 = Release|Any CPU
		{FAB34273-EEE8-415B-BA16-59A8A6C7269C}.Ad-Hoc|iPhone.Deploy.0 = Release|Any CPU
		{FAB34273-EEE8-415B-BA16-59A8A6C7269C}.Ad-Hoc|iPhoneSimulator.ActiveCfg = Release|Any CPU
		{FAB34273-EEE8-415B-BA16-59A8A6C7269C}.Ad-Hoc|iPhoneSimulator.Build.0 = Release|Any CPU
		{FAB34273-EEE8-415B-BA16-59A8A6C7269C}.Ad-Hoc|iPhoneSimulator.Deploy.0 = Release|Any CPU
		{FAB34273-EEE8-415B-BA16-59A8A6C7269C}.Ad-Hoc|x64.ActiveCfg = Release|Any CPU
		{FAB34273-EEE8-415B-BA16-59A8A6C7269C}.Ad-Hoc|x64.Build.0 = Release|Any CPU
		{FAB34273-EEE8-415B-BA16-59A8A6C7269C}.Ad-Hoc|x64.Deploy.0 = Release|Any CPU
		{FAB34273-EEE8-415B-BA16-59A8A6C7269C}.Ad-Hoc|x86.ActiveCfg = Release|Any CPU
		{FAB34273-EEE8-415B-BA16-59A8A6C7269C}.Ad-Hoc|x86.Build.0 = Release|Any CPU
		{FAB34273-EEE8-415B-BA16-59A8A6C7269C}.Ad-Hoc|x86.Deploy.0 = Release|Any CPU
		{FAB34273-EEE8-415B-BA16-59A8A6C7269C}.AppStore|Any CPU.ActiveCfg = Release|Any CPU
		{FAB34273-EEE8-415B-BA16-59A8A6C7269C}.AppStore|Any CPU.Build.0 = Release|Any CPU
		{FAB34273-EEE8-415B-BA16-59A8A6C7269C}.AppStore|Any CPU.Deploy.0 = Release|Any CPU
		{FAB34273-EEE8-415B-BA16-59A8A6C7269C}.AppStore|ARM.ActiveCfg = Release|Any CPU
		{FAB34273-EEE8-415B-BA16-59A8A6C7269C}.AppStore|ARM.Build.0 = Release|Any CPU
		{FAB34273-EEE8-415B-BA16-59A8A6C7269C}.AppStore|ARM.Deploy.0 = Release|Any CPU
		{FAB34273-EEE8-415B-BA16-59A8A6C7269C}.AppStore|iPhone.ActiveCfg = Release|Any CPU
		{FAB34273-EEE8-415B-BA16-59A8A6C7269C}.AppStore|iPhone.Build.0 = Release|Any CPU
		{FAB34273-EEE8-415B-BA16-59A8A6C7269C}.AppStore|iPhone.Deploy.0 = Release|Any CPU
		{FAB34273-EEE8-415B-BA16-59A8A6C7269C}.AppStore|iPhoneSimulator.ActiveCfg = Release|Any CPU
		{FAB34273-EEE8-415B-BA16-59A8A6C7269C}.AppStore|iPhoneSimulator.Build.0 = Release|Any CPU
		{FAB34273-EEE8-415B-BA16-59A8A6C7269C}.AppStore|iPhoneSimulator.Deploy.0 = Release|Any CPU
		{FAB34273-EEE8-415B-BA16-59A8A6C7269C}.AppStore|x64.ActiveCfg = Release|Any CPU
		{FAB34273-EEE8-415B-BA16-59A8A6C7269C}.AppStore|x64.Build.0 = Release|Any CPU
		{FAB34273-EEE8-415B-BA16-59A8A6C7269C}.AppStore|x64.Deploy.0 = Release|Any CPU
		{FAB34273-EEE8-415B-BA16-59A8A6C7269C}.AppStore|x86.ActiveCfg = Release|Any CPU
		{FAB34273-EEE8-415B-BA16-59A8A6C7269C}.AppStore|x86.Build.0 = Release|Any CPU
		{FAB34273-EEE8-415B-BA16-59A8A6C7269C}.AppStore|x86.Deploy.0 = Release|Any CPU
		{FAB34273-EEE8-415B-BA16-59A8A6C7269C}.Debug|Any CPU.ActiveCfg = Debug|Any CPU
		{FAB34273-EEE8-415B-BA16-59A8A6C7269C}.Debug|Any CPU.Build.0 = Debug|Any CPU
		{FAB34273-EEE8-415B-BA16-59A8A6C7269C}.Debug|Any CPU.Deploy.0 = Debug|Any CPU
		{FAB34273-EEE8-415B-BA16-59A8A6C7269C}.Debug|ARM.ActiveCfg = Debug|Any CPU
		{FAB34273-EEE8-415B-BA16-59A8A6C7269C}.Debug|ARM.Build.0 = Debug|Any CPU
		{FAB34273-EEE8-415B-BA16-59A8A6C7269C}.Debug|ARM.Deploy.0 = Debug|Any CPU
		{FAB34273-EEE8-415B-BA16-59A8A6C7269C}.Debug|iPhone.ActiveCfg = Debug|Any CPU
		{FAB34273-EEE8-415B-BA16-59A8A6C7269C}.Debug|iPhone.Build.0 = Debug|Any CPU
		{FAB34273-EEE8-415B-BA16-59A8A6C7269C}.Debug|iPhone.Deploy.0 = Debug|Any CPU
		{FAB34273-EEE8-415B-BA16-59A8A6C7269C}.Debug|iPhoneSimulator.ActiveCfg = Debug|Any CPU
		{FAB34273-EEE8-415B-BA16-59A8A6C7269C}.Debug|iPhoneSimulator.Build.0 = Debug|Any CPU
		{FAB34273-EEE8-415B-BA16-59A8A6C7269C}.Debug|iPhoneSimulator.Deploy.0 = Debug|Any CPU
		{FAB34273-EEE8-415B-BA16-59A8A6C7269C}.Debug|x64.ActiveCfg = Debug|Any CPU
		{FAB34273-EEE8-415B-BA16-59A8A6C7269C}.Debug|x64.Build.0 = Debug|Any CPU
		{FAB34273-EEE8-415B-BA16-59A8A6C7269C}.Debug|x64.Deploy.0 = Debug|Any CPU
		{FAB34273-EEE8-415B-BA16-59A8A6C7269C}.Debug|x86.ActiveCfg = Debug|Any CPU
		{FAB34273-EEE8-415B-BA16-59A8A6C7269C}.Debug|x86.Build.0 = Debug|Any CPU
		{FAB34273-EEE8-415B-BA16-59A8A6C7269C}.Debug|x86.Deploy.0 = Debug|Any CPU
		{FAB34273-EEE8-415B-BA16-59A8A6C7269C}.Release|Any CPU.ActiveCfg = Release|Any CPU
		{FAB34273-EEE8-415B-BA16-59A8A6C7269C}.Release|Any CPU.Build.0 = Release|Any CPU
		{FAB34273-EEE8-415B-BA16-59A8A6C7269C}.Release|Any CPU.Deploy.0 = Release|Any CPU
		{FAB34273-EEE8-415B-BA16-59A8A6C7269C}.Release|ARM.ActiveCfg = Release|Any CPU
		{FAB34273-EEE8-415B-BA16-59A8A6C7269C}.Release|ARM.Build.0 = Release|Any CPU
		{FAB34273-EEE8-415B-BA16-59A8A6C7269C}.Release|ARM.Deploy.0 = Release|Any CPU
		{FAB34273-EEE8-415B-BA16-59A8A6C7269C}.Release|iPhone.ActiveCfg = Release|Any CPU
		{FAB34273-EEE8-415B-BA16-59A8A6C7269C}.Release|iPhone.Build.0 = Release|Any CPU
		{FAB34273-EEE8-415B-BA16-59A8A6C7269C}.Release|iPhone.Deploy.0 = Release|Any CPU
		{FAB34273-EEE8-415B-BA16-59A8A6C7269C}.Release|iPhoneSimulator.ActiveCfg = Release|Any CPU
		{FAB34273-EEE8-415B-BA16-59A8A6C7269C}.Release|iPhoneSimulator.Build.0 = Release|Any CPU
		{FAB34273-EEE8-415B-BA16-59A8A6C7269C}.Release|iPhoneSimulator.Deploy.0 = Release|Any CPU
		{FAB34273-EEE8-415B-BA16-59A8A6C7269C}.Release|x64.ActiveCfg = Release|Any CPU
		{FAB34273-EEE8-415B-BA16-59A8A6C7269C}.Release|x64.Build.0 = Release|Any CPU
		{FAB34273-EEE8-415B-BA16-59A8A6C7269C}.Release|x64.Deploy.0 = Release|Any CPU
		{FAB34273-EEE8-415B-BA16-59A8A6C7269C}.Release|x86.ActiveCfg = Release|Any CPU
		{FAB34273-EEE8-415B-BA16-59A8A6C7269C}.Release|x86.Build.0 = Release|Any CPU
		{FAB34273-EEE8-415B-BA16-59A8A6C7269C}.Release|x86.Deploy.0 = Release|Any CPU
		{B09F2FF3-4BDA-4144-A8C8-D678464F4914}.Ad-Hoc|Any CPU.ActiveCfg = Ad-Hoc|iPhone
		{B09F2FF3-4BDA-4144-A8C8-D678464F4914}.Ad-Hoc|Any CPU.Build.0 = Ad-Hoc|iPhone
		{B09F2FF3-4BDA-4144-A8C8-D678464F4914}.Ad-Hoc|Any CPU.Deploy.0 = Ad-Hoc|iPhone
		{B09F2FF3-4BDA-4144-A8C8-D678464F4914}.Ad-Hoc|ARM.ActiveCfg = Ad-Hoc|iPhone
		{B09F2FF3-4BDA-4144-A8C8-D678464F4914}.Ad-Hoc|ARM.Build.0 = Ad-Hoc|iPhone
		{B09F2FF3-4BDA-4144-A8C8-D678464F4914}.Ad-Hoc|ARM.Deploy.0 = Ad-Hoc|iPhone
		{B09F2FF3-4BDA-4144-A8C8-D678464F4914}.Ad-Hoc|iPhone.ActiveCfg = Ad-Hoc|iPhone
		{B09F2FF3-4BDA-4144-A8C8-D678464F4914}.Ad-Hoc|iPhone.Build.0 = Ad-Hoc|iPhone
		{B09F2FF3-4BDA-4144-A8C8-D678464F4914}.Ad-Hoc|iPhone.Deploy.0 = Ad-Hoc|iPhone
		{B09F2FF3-4BDA-4144-A8C8-D678464F4914}.Ad-Hoc|iPhoneSimulator.ActiveCfg = Ad-Hoc|iPhoneSimulator
		{B09F2FF3-4BDA-4144-A8C8-D678464F4914}.Ad-Hoc|iPhoneSimulator.Build.0 = Ad-Hoc|iPhoneSimulator
		{B09F2FF3-4BDA-4144-A8C8-D678464F4914}.Ad-Hoc|iPhoneSimulator.Deploy.0 = Ad-Hoc|iPhoneSimulator
		{B09F2FF3-4BDA-4144-A8C8-D678464F4914}.Ad-Hoc|x64.ActiveCfg = Ad-Hoc|iPhone
		{B09F2FF3-4BDA-4144-A8C8-D678464F4914}.Ad-Hoc|x64.Build.0 = Ad-Hoc|iPhone
		{B09F2FF3-4BDA-4144-A8C8-D678464F4914}.Ad-Hoc|x64.Deploy.0 = Ad-Hoc|iPhone
		{B09F2FF3-4BDA-4144-A8C8-D678464F4914}.Ad-Hoc|x86.ActiveCfg = Ad-Hoc|iPhone
		{B09F2FF3-4BDA-4144-A8C8-D678464F4914}.Ad-Hoc|x86.Build.0 = Ad-Hoc|iPhone
		{B09F2FF3-4BDA-4144-A8C8-D678464F4914}.Ad-Hoc|x86.Deploy.0 = Ad-Hoc|iPhone
		{B09F2FF3-4BDA-4144-A8C8-D678464F4914}.AppStore|Any CPU.ActiveCfg = AppStore|iPhone
		{B09F2FF3-4BDA-4144-A8C8-D678464F4914}.AppStore|Any CPU.Build.0 = AppStore|iPhone
		{B09F2FF3-4BDA-4144-A8C8-D678464F4914}.AppStore|Any CPU.Deploy.0 = AppStore|iPhone
		{B09F2FF3-4BDA-4144-A8C8-D678464F4914}.AppStore|ARM.ActiveCfg = AppStore|iPhone
		{B09F2FF3-4BDA-4144-A8C8-D678464F4914}.AppStore|ARM.Build.0 = AppStore|iPhone
		{B09F2FF3-4BDA-4144-A8C8-D678464F4914}.AppStore|ARM.Deploy.0 = AppStore|iPhone
		{B09F2FF3-4BDA-4144-A8C8-D678464F4914}.AppStore|iPhone.ActiveCfg = AppStore|iPhone
		{B09F2FF3-4BDA-4144-A8C8-D678464F4914}.AppStore|iPhone.Build.0 = AppStore|iPhone
		{B09F2FF3-4BDA-4144-A8C8-D678464F4914}.AppStore|iPhone.Deploy.0 = AppStore|iPhone
		{B09F2FF3-4BDA-4144-A8C8-D678464F4914}.AppStore|iPhoneSimulator.ActiveCfg = AppStore|iPhoneSimulator
		{B09F2FF3-4BDA-4144-A8C8-D678464F4914}.AppStore|iPhoneSimulator.Build.0 = AppStore|iPhoneSimulator
		{B09F2FF3-4BDA-4144-A8C8-D678464F4914}.AppStore|iPhoneSimulator.Deploy.0 = AppStore|iPhoneSimulator
		{B09F2FF3-4BDA-4144-A8C8-D678464F4914}.AppStore|x64.ActiveCfg = AppStore|iPhone
		{B09F2FF3-4BDA-4144-A8C8-D678464F4914}.AppStore|x64.Build.0 = AppStore|iPhone
		{B09F2FF3-4BDA-4144-A8C8-D678464F4914}.AppStore|x64.Deploy.0 = AppStore|iPhone
		{B09F2FF3-4BDA-4144-A8C8-D678464F4914}.AppStore|x86.ActiveCfg = AppStore|iPhone
		{B09F2FF3-4BDA-4144-A8C8-D678464F4914}.AppStore|x86.Build.0 = AppStore|iPhone
		{B09F2FF3-4BDA-4144-A8C8-D678464F4914}.AppStore|x86.Deploy.0 = AppStore|iPhone
		{B09F2FF3-4BDA-4144-A8C8-D678464F4914}.Debug|Any CPU.ActiveCfg = Debug|iPhoneSimulator
		{B09F2FF3-4BDA-4144-A8C8-D678464F4914}.Debug|Any CPU.Build.0 = Debug|iPhoneSimulator
		{B09F2FF3-4BDA-4144-A8C8-D678464F4914}.Debug|Any CPU.Deploy.0 = Debug|iPhoneSimulator
		{B09F2FF3-4BDA-4144-A8C8-D678464F4914}.Debug|ARM.ActiveCfg = Debug|iPhone
		{B09F2FF3-4BDA-4144-A8C8-D678464F4914}.Debug|ARM.Build.0 = Debug|iPhone
		{B09F2FF3-4BDA-4144-A8C8-D678464F4914}.Debug|ARM.Deploy.0 = Debug|iPhone
		{B09F2FF3-4BDA-4144-A8C8-D678464F4914}.Debug|iPhone.ActiveCfg = Debug|iPhone
		{B09F2FF3-4BDA-4144-A8C8-D678464F4914}.Debug|iPhone.Build.0 = Debug|iPhone
		{B09F2FF3-4BDA-4144-A8C8-D678464F4914}.Debug|iPhone.Deploy.0 = Debug|iPhone
		{B09F2FF3-4BDA-4144-A8C8-D678464F4914}.Debug|iPhoneSimulator.ActiveCfg = Debug|iPhoneSimulator
		{B09F2FF3-4BDA-4144-A8C8-D678464F4914}.Debug|iPhoneSimulator.Build.0 = Debug|iPhoneSimulator
		{B09F2FF3-4BDA-4144-A8C8-D678464F4914}.Debug|iPhoneSimulator.Deploy.0 = Debug|iPhoneSimulator
		{B09F2FF3-4BDA-4144-A8C8-D678464F4914}.Debug|x64.ActiveCfg = Debug|iPhone
		{B09F2FF3-4BDA-4144-A8C8-D678464F4914}.Debug|x64.Build.0 = Debug|iPhone
		{B09F2FF3-4BDA-4144-A8C8-D678464F4914}.Debug|x64.Deploy.0 = Debug|iPhone
		{B09F2FF3-4BDA-4144-A8C8-D678464F4914}.Debug|x86.ActiveCfg = Debug|iPhone
		{B09F2FF3-4BDA-4144-A8C8-D678464F4914}.Debug|x86.Build.0 = Debug|iPhone
		{B09F2FF3-4BDA-4144-A8C8-D678464F4914}.Debug|x86.Deploy.0 = Debug|iPhone
		{B09F2FF3-4BDA-4144-A8C8-D678464F4914}.Release|Any CPU.ActiveCfg = Release|iPhone
		{B09F2FF3-4BDA-4144-A8C8-D678464F4914}.Release|Any CPU.Build.0 = Release|iPhone
		{B09F2FF3-4BDA-4144-A8C8-D678464F4914}.Release|Any CPU.Deploy.0 = Release|iPhone
		{B09F2FF3-4BDA-4144-A8C8-D678464F4914}.Release|ARM.ActiveCfg = Release|iPhone
		{B09F2FF3-4BDA-4144-A8C8-D678464F4914}.Release|ARM.Build.0 = Release|iPhone
		{B09F2FF3-4BDA-4144-A8C8-D678464F4914}.Release|ARM.Deploy.0 = Release|iPhone
		{B09F2FF3-4BDA-4144-A8C8-D678464F4914}.Release|iPhone.ActiveCfg = Release|iPhone
		{B09F2FF3-4BDA-4144-A8C8-D678464F4914}.Release|iPhone.Build.0 = Release|iPhone
		{B09F2FF3-4BDA-4144-A8C8-D678464F4914}.Release|iPhone.Deploy.0 = Release|iPhone
		{B09F2FF3-4BDA-4144-A8C8-D678464F4914}.Release|iPhoneSimulator.ActiveCfg = Release|iPhoneSimulator
		{B09F2FF3-4BDA-4144-A8C8-D678464F4914}.Release|iPhoneSimulator.Build.0 = Release|iPhoneSimulator
		{B09F2FF3-4BDA-4144-A8C8-D678464F4914}.Release|iPhoneSimulator.Deploy.0 = Release|iPhoneSimulator
		{B09F2FF3-4BDA-4144-A8C8-D678464F4914}.Release|x64.ActiveCfg = Release|iPhone
		{B09F2FF3-4BDA-4144-A8C8-D678464F4914}.Release|x64.Build.0 = Release|iPhone
		{B09F2FF3-4BDA-4144-A8C8-D678464F4914}.Release|x64.Deploy.0 = Release|iPhone
		{B09F2FF3-4BDA-4144-A8C8-D678464F4914}.Release|x86.ActiveCfg = Release|iPhone
		{B09F2FF3-4BDA-4144-A8C8-D678464F4914}.Release|x86.Build.0 = Release|iPhone
		{B09F2FF3-4BDA-4144-A8C8-D678464F4914}.Release|x86.Deploy.0 = Release|iPhone
		{BA24DDD7-CDD1-4AF8-948A-3DA748E0BC1E}.Ad-Hoc|Any CPU.ActiveCfg = Release|x86
		{BA24DDD7-CDD1-4AF8-948A-3DA748E0BC1E}.Ad-Hoc|Any CPU.Build.0 = Release|x86
		{BA24DDD7-CDD1-4AF8-948A-3DA748E0BC1E}.Ad-Hoc|Any CPU.Deploy.0 = Release|x86
		{BA24DDD7-CDD1-4AF8-948A-3DA748E0BC1E}.Ad-Hoc|ARM.ActiveCfg = Release|ARM
		{BA24DDD7-CDD1-4AF8-948A-3DA748E0BC1E}.Ad-Hoc|ARM.Build.0 = Release|ARM
		{BA24DDD7-CDD1-4AF8-948A-3DA748E0BC1E}.Ad-Hoc|ARM.Deploy.0 = Release|ARM
		{BA24DDD7-CDD1-4AF8-948A-3DA748E0BC1E}.Ad-Hoc|iPhone.ActiveCfg = Release|x86
		{BA24DDD7-CDD1-4AF8-948A-3DA748E0BC1E}.Ad-Hoc|iPhone.Build.0 = Release|x86
		{BA24DDD7-CDD1-4AF8-948A-3DA748E0BC1E}.Ad-Hoc|iPhone.Deploy.0 = Release|x86
		{BA24DDD7-CDD1-4AF8-948A-3DA748E0BC1E}.Ad-Hoc|iPhoneSimulator.ActiveCfg = Release|x86
		{BA24DDD7-CDD1-4AF8-948A-3DA748E0BC1E}.Ad-Hoc|iPhoneSimulator.Build.0 = Release|x86
		{BA24DDD7-CDD1-4AF8-948A-3DA748E0BC1E}.Ad-Hoc|iPhoneSimulator.Deploy.0 = Release|x86
		{BA24DDD7-CDD1-4AF8-948A-3DA748E0BC1E}.Ad-Hoc|x64.ActiveCfg = Release|x64
		{BA24DDD7-CDD1-4AF8-948A-3DA748E0BC1E}.Ad-Hoc|x64.Build.0 = Release|x64
		{BA24DDD7-CDD1-4AF8-948A-3DA748E0BC1E}.Ad-Hoc|x64.Deploy.0 = Release|x64
		{BA24DDD7-CDD1-4AF8-948A-3DA748E0BC1E}.Ad-Hoc|x86.ActiveCfg = Release|x86
		{BA24DDD7-CDD1-4AF8-948A-3DA748E0BC1E}.Ad-Hoc|x86.Build.0 = Release|x86
		{BA24DDD7-CDD1-4AF8-948A-3DA748E0BC1E}.Ad-Hoc|x86.Deploy.0 = Release|x86
		{BA24DDD7-CDD1-4AF8-948A-3DA748E0BC1E}.AppStore|Any CPU.ActiveCfg = Release|x86
		{BA24DDD7-CDD1-4AF8-948A-3DA748E0BC1E}.AppStore|Any CPU.Build.0 = Release|x86
		{BA24DDD7-CDD1-4AF8-948A-3DA748E0BC1E}.AppStore|Any CPU.Deploy.0 = Release|x86
		{BA24DDD7-CDD1-4AF8-948A-3DA748E0BC1E}.AppStore|ARM.ActiveCfg = Release|ARM
		{BA24DDD7-CDD1-4AF8-948A-3DA748E0BC1E}.AppStore|ARM.Build.0 = Release|ARM
		{BA24DDD7-CDD1-4AF8-948A-3DA748E0BC1E}.AppStore|ARM.Deploy.0 = Release|ARM
		{BA24DDD7-CDD1-4AF8-948A-3DA748E0BC1E}.AppStore|iPhone.ActiveCfg = Release|x86
		{BA24DDD7-CDD1-4AF8-948A-3DA748E0BC1E}.AppStore|iPhone.Build.0 = Release|x86
		{BA24DDD7-CDD1-4AF8-948A-3DA748E0BC1E}.AppStore|iPhone.Deploy.0 = Release|x86
		{BA24DDD7-CDD1-4AF8-948A-3DA748E0BC1E}.AppStore|iPhoneSimulator.ActiveCfg = Release|x86
		{BA24DDD7-CDD1-4AF8-948A-3DA748E0BC1E}.AppStore|iPhoneSimulator.Build.0 = Release|x86
		{BA24DDD7-CDD1-4AF8-948A-3DA748E0BC1E}.AppStore|iPhoneSimulator.Deploy.0 = Release|x86
		{BA24DDD7-CDD1-4AF8-948A-3DA748E0BC1E}.AppStore|x64.ActiveCfg = Release|x64
		{BA24DDD7-CDD1-4AF8-948A-3DA748E0BC1E}.AppStore|x64.Build.0 = Release|x64
		{BA24DDD7-CDD1-4AF8-948A-3DA748E0BC1E}.AppStore|x64.Deploy.0 = Release|x64
		{BA24DDD7-CDD1-4AF8-948A-3DA748E0BC1E}.AppStore|x86.ActiveCfg = Release|x86
		{BA24DDD7-CDD1-4AF8-948A-3DA748E0BC1E}.AppStore|x86.Build.0 = Release|x86
		{BA24DDD7-CDD1-4AF8-948A-3DA748E0BC1E}.AppStore|x86.Deploy.0 = Release|x86
		{BA24DDD7-CDD1-4AF8-948A-3DA748E0BC1E}.Debug|Any CPU.ActiveCfg = Debug|x86
		{BA24DDD7-CDD1-4AF8-948A-3DA748E0BC1E}.Debug|Any CPU.Build.0 = Debug|x86
		{BA24DDD7-CDD1-4AF8-948A-3DA748E0BC1E}.Debug|Any CPU.Deploy.0 = Debug|x86
		{BA24DDD7-CDD1-4AF8-948A-3DA748E0BC1E}.Debug|ARM.ActiveCfg = Debug|ARM
		{BA24DDD7-CDD1-4AF8-948A-3DA748E0BC1E}.Debug|ARM.Build.0 = Debug|ARM
		{BA24DDD7-CDD1-4AF8-948A-3DA748E0BC1E}.Debug|ARM.Deploy.0 = Debug|ARM
		{BA24DDD7-CDD1-4AF8-948A-3DA748E0BC1E}.Debug|iPhone.ActiveCfg = Debug|x86
		{BA24DDD7-CDD1-4AF8-948A-3DA748E0BC1E}.Debug|iPhone.Build.0 = Debug|x86
		{BA24DDD7-CDD1-4AF8-948A-3DA748E0BC1E}.Debug|iPhone.Deploy.0 = Debug|x86
		{BA24DDD7-CDD1-4AF8-948A-3DA748E0BC1E}.Debug|iPhoneSimulator.ActiveCfg = Debug|x86
		{BA24DDD7-CDD1-4AF8-948A-3DA748E0BC1E}.Debug|iPhoneSimulator.Build.0 = Debug|x86
		{BA24DDD7-CDD1-4AF8-948A-3DA748E0BC1E}.Debug|iPhoneSimulator.Deploy.0 = Debug|x86
		{BA24DDD7-CDD1-4AF8-948A-3DA748E0BC1E}.Debug|x64.ActiveCfg = Debug|x64
		{BA24DDD7-CDD1-4AF8-948A-3DA748E0BC1E}.Debug|x64.Build.0 = Debug|x64
		{BA24DDD7-CDD1-4AF8-948A-3DA748E0BC1E}.Debug|x64.Deploy.0 = Debug|x64
		{BA24DDD7-CDD1-4AF8-948A-3DA748E0BC1E}.Debug|x86.ActiveCfg = Debug|x86
		{BA24DDD7-CDD1-4AF8-948A-3DA748E0BC1E}.Debug|x86.Build.0 = Debug|x86
		{BA24DDD7-CDD1-4AF8-948A-3DA748E0BC1E}.Debug|x86.Deploy.0 = Debug|x86
		{BA24DDD7-CDD1-4AF8-948A-3DA748E0BC1E}.Release|Any CPU.ActiveCfg = Release|x86
		{BA24DDD7-CDD1-4AF8-948A-3DA748E0BC1E}.Release|Any CPU.Build.0 = Release|x86
		{BA24DDD7-CDD1-4AF8-948A-3DA748E0BC1E}.Release|Any CPU.Deploy.0 = Release|x86
		{BA24DDD7-CDD1-4AF8-948A-3DA748E0BC1E}.Release|ARM.ActiveCfg = Release|ARM
		{BA24DDD7-CDD1-4AF8-948A-3DA748E0BC1E}.Release|ARM.Build.0 = Release|ARM
		{BA24DDD7-CDD1-4AF8-948A-3DA748E0BC1E}.Release|ARM.Deploy.0 = Release|ARM
		{BA24DDD7-CDD1-4AF8-948A-3DA748E0BC1E}.Release|iPhone.ActiveCfg = Release|x86
		{BA24DDD7-CDD1-4AF8-948A-3DA748E0BC1E}.Release|iPhone.Build.0 = Release|x86
		{BA24DDD7-CDD1-4AF8-948A-3DA748E0BC1E}.Release|iPhone.Deploy.0 = Release|x86
		{BA24DDD7-CDD1-4AF8-948A-3DA748E0BC1E}.Release|iPhoneSimulator.ActiveCfg = Release|x86
		{BA24DDD7-CDD1-4AF8-948A-3DA748E0BC1E}.Release|iPhoneSimulator.Build.0 = Release|x86
		{BA24DDD7-CDD1-4AF8-948A-3DA748E0BC1E}.Release|iPhoneSimulator.Deploy.0 = Release|x86
		{BA24DDD7-CDD1-4AF8-948A-3DA748E0BC1E}.Release|x64.ActiveCfg = Release|x64
		{BA24DDD7-CDD1-4AF8-948A-3DA748E0BC1E}.Release|x64.Build.0 = Release|x64
		{BA24DDD7-CDD1-4AF8-948A-3DA748E0BC1E}.Release|x64.Deploy.0 = Release|x64
		{BA24DDD7-CDD1-4AF8-948A-3DA748E0BC1E}.Release|x86.ActiveCfg = Release|x86
		{BA24DDD7-CDD1-4AF8-948A-3DA748E0BC1E}.Release|x86.Build.0 = Release|x86
		{BA24DDD7-CDD1-4AF8-948A-3DA748E0BC1E}.Release|x86.Deploy.0 = Release|x86
	EndGlobalSection
	GlobalSection(SolutionProperties) = preSolution
		HideSolutionNode = FALSE
	EndGlobalSection
EndGlobal
